
Microsoft Visual Studio Solution File, Format Version 12.00
# Visual Studio Version 17
VisualStudioVersion = 17.0.31521.260
MinimumVisualStudioVersion = 10.0.40219.1
Project("{9A19103F-16F7-4668-BE54-9A1E7A4F7556}") = "Vision2", "src\lib\Vision2.Api\Vision2.csproj", "{9CA9AFA7-6123-4E40-9B83-9072E66695B6}"
EndProject
Global
	GlobalSection(SolutionConfigurationPlatforms) = preSolution
		Debug|Any CPU = Debug|Any CPU
		Release|Any CPU = Release|Any CPU
	EndGlobalSection
	GlobalSection(ProjectConfigurationPlatforms) = postSolution
		{9CA9AFA7-6123-4E40-9B83-9072E66695B6}.Debug|Any CPU.ActiveCfg = Debug|Any CPU
		{9CA9AFA7-6123-4E40-9B83-9072E66695B6}.Debug|Any CPU.Build.0 = Debug|Any CPU
		{9CA9AFA7-6123-4E40-9B83-9072E66695B6}.Release|Any CPU.ActiveCfg = Release|Any CPU
		{9CA9AFA7-6123-4E40-9B83-9072E66695B6}.Release|Any CPU.Build.0 = Release|Any CPU
	EndGlobalSection
	GlobalSection(SolutionProperties) = preSolution
		HideSolutionNode = FALSE
	EndGlobalSection
	GlobalSection(ExtensibilityGlobals) = postSolution
		SolutionGuid = {0B1B89A6-93EA-40D3-8A10-31D1078A354F}
	EndGlobalSection
EndGlobal
